
Microsoft Visual Studio Solution File, Format Version 12.00
# Visual Studio Version 17
VisualStudioVersion = 17.3.32922.545
MinimumVisualStudioVersion = 10.0.40219.1
Project("{FAE04EC0-301F-11D3-BF4B-00C04F79EFBC}") = "lab03p01", "lab03p01\lab03p01.csproj", "{22528BE7-22ED-49FD-A772-7803D8A77A1B}"
EndProject
Global
	GlobalSection(SolutionConfigurationPlatforms) = preSolution
		Debug|Any CPU = Debug|Any CPU
		Release|Any CPU = Release|Any CPU
	EndGlobalSection
	GlobalSection(ProjectConfigurationPlatforms) = postSolution
		{22528BE7-22ED-49FD-A772-7803D8A77A1B}.Debug|Any CPU.ActiveCfg = Debug|Any CPU
		{22528BE7-22ED-49FD-A772-7803D8A77A1B}.Debug|Any CPU.Build.0 = Debug|Any CPU
		{22528BE7-22ED-49FD-A772-7803D8A77A1B}.Release|Any CPU.ActiveCfg = Release|Any CPU
		{22528BE7-22ED-49FD-A772-7803D8A77A1B}.Release|Any CPU.Build.0 = Release|Any CPU
	EndGlobalSection
	GlobalSection(SolutionProperties) = preSolution
		HideSolutionNode = FALSE
	EndGlobalSection
	GlobalSection(ExtensibilityGlobals) = postSolution
		SolutionGuid = {736294EE-CA1A-420E-84C4-CE563FE30147}
	EndGlobalSection
EndGlobal
