
Microsoft Visual Studio Solution File, Format Version 12.00
# Visual Studio Version 17
VisualStudioVersion = 17.3.32922.545
MinimumVisualStudioVersion = 10.0.40219.1
Project("{FAE04EC0-301F-11D3-BF4B-00C04F79EFBC}") = "lab02p02-gra_w_kolory", "lab02p02-gra_w_kolory\lab02p02-gra_w_kolory.csproj", "{AC365099-FC8B-489C-848D-5D24CE241F38}"
EndProject
Global
	GlobalSection(SolutionConfigurationPlatforms) = preSolution
		Debug|Any CPU = Debug|Any CPU
		Release|Any CPU = Release|Any CPU
	EndGlobalSection
	GlobalSection(ProjectConfigurationPlatforms) = postSolution
		{AC365099-FC8B-489C-848D-5D24CE241F38}.Debug|Any CPU.ActiveCfg = Debug|Any CPU
		{AC365099-FC8B-489C-848D-5D24CE241F38}.Debug|Any CPU.Build.0 = Debug|Any CPU
		{AC365099-FC8B-489C-848D-5D24CE241F38}.Release|Any CPU.ActiveCfg = Release|Any CPU
		{AC365099-FC8B-489C-848D-5D24CE241F38}.Release|Any CPU.Build.0 = Release|Any CPU
	EndGlobalSection
	GlobalSection(SolutionProperties) = preSolution
		HideSolutionNode = FALSE
	EndGlobalSection
	GlobalSection(ExtensibilityGlobals) = postSolution
		SolutionGuid = {54F36D90-7946-4695-9C8F-C249BB946125}
	EndGlobalSection
EndGlobal
